
Microsoft Visual Studio Solution File, Format Version 12.00
# Visual Studio Version 17
VisualStudioVersion = 17.8.34330.188
MinimumVisualStudioVersion = 10.0.40219.1
Project("{FAE04EC0-301F-11D3-BF4B-00C04F79EFBC}") = "Потоковая запись в файл", "Потоковая запись в файл\Потоковая запись в файл.csproj", "{FCBF24EB-4DF0-4F03-9AFA-0A95C669705E}"
EndProject
Global
	GlobalSection(SolutionConfigurationPlatforms) = preSolution
		Debug|Any CPU = Debug|Any CPU
		Release|Any CPU = Release|Any CPU
	EndGlobalSection
	GlobalSection(ProjectConfigurationPlatforms) = postSolution
		{FCBF24EB-4DF0-4F03-9AFA-0A95C669705E}.Debug|Any CPU.ActiveCfg = Debug|Any CPU
		{FCBF24EB-4DF0-4F03-9AFA-0A95C669705E}.Debug|Any CPU.Build.0 = Debug|Any CPU
		{FCBF24EB-4DF0-4F03-9AFA-0A95C669705E}.Release|Any CPU.ActiveCfg = Release|Any CPU
		{FCBF24EB-4DF0-4F03-9AFA-0A95C669705E}.Release|Any CPU.Build.0 = Release|Any CPU
	EndGlobalSection
	GlobalSection(SolutionProperties) = preSolution
		HideSolutionNode = FALSE
	EndGlobalSection
	GlobalSection(ExtensibilityGlobals) = postSolution
		SolutionGuid = {48C8D68B-85BE-41AA-AD75-4AF992671490}
	EndGlobalSection
EndGlobal
